
Microsoft Visual Studio Solution File, Format Version 12.00
# Visual Studio 14
VisualStudioVersion = 14.0.25123.0
MinimumVisualStudioVersion = 10.0.40219.1
Project("{FAE04EC0-301F-11D3-BF4B-00C04F79EFBC}") = "GraduationProject", "GraduationProject\GraduationProject.csproj", "{7F3D712C-916F-43CD-A7CF-2E115C9A6448}"
EndProject
Project("{E24C65DC-7377-472B-9ABA-BC803B73C61A}") = "ClientWebSite(1)", "ClientWebSite\", "{3CC5BE99-CB3A-499A-A502-CFE0EBC0B7F6}"
	ProjectSection(WebsiteProperties) = preProject
		TargetFrameworkMoniker = ".NETFramework,Version%3Dv4.6.1"
		Debug.AspNetCompiler.VirtualPath = "/localhost_30765"
		Debug.AspNetCompiler.PhysicalPath = "ClientWebSite\"
		Debug.AspNetCompiler.TargetPath = "PrecompiledWeb\localhost_30765\"
		Debug.AspNetCompiler.Updateable = "true"
		Debug.AspNetCompiler.ForceOverwrite = "true"
		Debug.AspNetCompiler.FixedNames = "false"
		Debug.AspNetCompiler.Debug = "True"
		Release.AspNetCompiler.VirtualPath = "/localhost_30765"
		Release.AspNetCompiler.PhysicalPath = "ClientWebSite\"
		Release.AspNetCompiler.TargetPath = "PrecompiledWeb\localhost_30765\"
		Release.AspNetCompiler.Updateable = "true"
		Release.AspNetCompiler.ForceOverwrite = "true"
		Release.AspNetCompiler.FixedNames = "false"
		Release.AspNetCompiler.Debug = "False"
		VWDPort = "30765"
		SlnRelativePath = "ClientWebSite\"
		DefaultWebSiteLanguage = "Visual C#"
	EndProjectSection
EndProject
Global
	GlobalSection(SolutionConfigurationPlatforms) = preSolution
		Debug|Any CPU = Debug|Any CPU
		Release|Any CPU = Release|Any CPU
	EndGlobalSection
	GlobalSection(ProjectConfigurationPlatforms) = postSolution
		{7F3D712C-916F-43CD-A7CF-2E115C9A6448}.Debug|Any CPU.ActiveCfg = Debug|Any CPU
		{7F3D712C-916F-43CD-A7CF-2E115C9A6448}.Debug|Any CPU.Build.0 = Debug|Any CPU
		{7F3D712C-916F-43CD-A7CF-2E115C9A6448}.Release|Any CPU.ActiveCfg = Release|Any CPU
		{7F3D712C-916F-43CD-A7CF-2E115C9A6448}.Release|Any CPU.Build.0 = Release|Any CPU
		{3CC5BE99-CB3A-499A-A502-CFE0EBC0B7F6}.Debug|Any CPU.ActiveCfg = Debug|Any CPU
		{3CC5BE99-CB3A-499A-A502-CFE0EBC0B7F6}.Debug|Any CPU.Build.0 = Debug|Any CPU
		{3CC5BE99-CB3A-499A-A502-CFE0EBC0B7F6}.Release|Any CPU.ActiveCfg = Debug|Any CPU
		{3CC5BE99-CB3A-499A-A502-CFE0EBC0B7F6}.Release|Any CPU.Build.0 = Debug|Any CPU
	EndGlobalSection
	GlobalSection(SolutionProperties) = preSolution
		HideSolutionNode = FALSE
	EndGlobalSection
EndGlobal
